# This file is automatically @generated by Wally.
# It is not intended for manual editing.
registry = "test"

[[package]]
name = "notkaif/motus"
version = "1.0.5"
dependencies = []

[[package]]
name = "redcliffstudios/igneous"
version = "0.1.0"
dependencies = [["Motus", "notkaif/motus@1.0.5"], ["Spring", "sleitnick/spring@1.0.0"], ["Trove", "sleitnick/trove@1.5.1"]]

[[package]]
name = "sleitnick/spring"
version = "1.0.0"
dependencies = []

[[package]]
name = "sleitnick/trove"
version = "1.5.1"
dependencies = []
